
Microsoft Visual Studio Solution File, Format Version 12.00
# Visual Studio Version 16
VisualStudioVersion = 16.0.30907.101
MinimumVisualStudioVersion = 10.0.40219.1
Project("{FAE04EC0-301F-11D3-BF4B-00C04F79EFBC}") = "FaceRecognitionProject", "FaceRecognitionProject\FaceRecognitionProject.csproj", "{4B9A8F20-6E74-4D9A-82B5-58826B508DC0}"
EndProject
Global
	GlobalSection(SolutionConfigurationPlatforms) = preSolution
		Debug|Any CPU = Debug|Any CPU
		Release|Any CPU = Release|Any CPU
	EndGlobalSection
	GlobalSection(ProjectConfigurationPlatforms) = postSolution
		{4B9A8F20-6E74-4D9A-82B5-58826B508DC0}.Debug|Any CPU.ActiveCfg = Debug|Any CPU
		{4B9A8F20-6E74-4D9A-82B5-58826B508DC0}.Debug|Any CPU.Build.0 = Debug|Any CPU
		{4B9A8F20-6E74-4D9A-82B5-58826B508DC0}.Release|Any CPU.ActiveCfg = Release|Any CPU
		{4B9A8F20-6E74-4D9A-82B5-58826B508DC0}.Release|Any CPU.Build.0 = Release|Any CPU
	EndGlobalSection
	GlobalSection(SolutionProperties) = preSolution
		HideSolutionNode = FALSE
	EndGlobalSection
	GlobalSection(ExtensibilityGlobals) = postSolution
		SolutionGuid = {A847F38F-AF71-48A3-B40B-9AA54709FDCF}
	EndGlobalSection
EndGlobal
